
Microsoft Visual Studio Solution File, Format Version 12.00
# Visual Studio Version 17
VisualStudioVersion = 17.5.002.0
MinimumVisualStudioVersion = 10.0.40219.1
Project("{9A19103F-16F7-4668-BE54-9A1E7A4F7556}") = "DesafioFundamentos", "DesafioFundamentos\DesafioFundamentos.csproj", "{5AC1A3C9-A351-4A01-A1E4-6A94DFB922FF}"
EndProject
Global
	GlobalSection(SolutionConfigurationPlatforms) = preSolution
		Debug|Any CPU = Debug|Any CPU
		Release|Any CPU = Release|Any CPU
	EndGlobalSection
	GlobalSection(ProjectConfigurationPlatforms) = postSolution
		{5AC1A3C9-A351-4A01-A1E4-6A94DFB922FF}.Debug|Any CPU.ActiveCfg = Debug|Any CPU
		{5AC1A3C9-A351-4A01-A1E4-6A94DFB922FF}.Debug|Any CPU.Build.0 = Debug|Any CPU
		{5AC1A3C9-A351-4A01-A1E4-6A94DFB922FF}.Release|Any CPU.ActiveCfg = Release|Any CPU
		{5AC1A3C9-A351-4A01-A1E4-6A94DFB922FF}.Release|Any CPU.Build.0 = Release|Any CPU
	EndGlobalSection
	GlobalSection(SolutionProperties) = preSolution
		HideSolutionNode = FALSE
	EndGlobalSection
	GlobalSection(ExtensibilityGlobals) = postSolution
		SolutionGuid = {DF88DFC6-E251-4E8C-991F-AA1AFD505009}
	EndGlobalSection
EndGlobal
